uuid: 8d2f9f70-f0dc-4b0e-b0fb-3201fdd1a424
langcode: en
status: true
dependencies:
  content:
    - 'block_content:link_block:a57392ca-fcba-47ed-b80f-bccb640c1ac5'
  module:
    - block_content
  theme:
    - bartik
id: enrollblock
theme: bartik
region: tabs
weight: 0
provider: null
plugin: 'block_content:a57392ca-fcba-47ed-b80f-bccb640c1ac5'
settings:
  id: 'block_content:a57392ca-fcba-47ed-b80f-bccb640c1ac5'
  label: 'Enroll block'
  provider: block_content
  label_display: '0'
  status: true
  info: ''
  view_mode: full
visibility: {  }
