uuid: 4327a4bf-692c-4867-9ab9-2aa9260d68c7
langcode: en
status: false
dependencies:
  content:
    - 'block_content:paragraph_block:72247caf-41dc-4de2-811f-d0346ac980f1'
  module:
    - block_content
  theme:
    - bartik
id: moreinfoblock
theme: bartik
region: logo
weight: -14
provider: null
plugin: 'block_content:72247caf-41dc-4de2-811f-d0346ac980f1'
settings:
  id: 'block_content:72247caf-41dc-4de2-811f-d0346ac980f1'
  label: 'More info block'
  provider: block_content
  label_display: '0'
  status: true
  info: ''
  view_mode: full
visibility: {  }
