uuid: bd4327f4-0c61-4472-9b8a-bff80dfdb13e
langcode: en
status: true
dependencies:
  config:
    - block_content.type.paragraph_block
    - field.storage.block_content.field_paragraph_block
    - paragraphs.paragraphs_type.image_text
    - paragraphs.paragraphs_type.images
    - paragraphs.paragraphs_type.text
    - paragraphs.paragraphs_type.text_image
  module:
    - entity_reference_revisions
id: block_content.paragraph_block.field_paragraph_block
field_name: field_paragraph_block
entity_type: block_content
bundle: paragraph_block
label: 'Paragraph Block'
description: ''
required: false
translatable: false
default_value: {  }
default_value_callback: ''
settings:
  handler: 'default:paragraph'
  handler_settings:
    target_bundles:
      image_text: image_text
      images: images
      text: text
      text_image: text_image
    target_bundles_drag_drop:
      image_text:
        enabled: true
        weight: 7
      images:
        enabled: true
        weight: 8
      nested_paragraph:
        weight: 9
        enabled: false
      text:
        enabled: true
        weight: 10
      text_image:
        enabled: true
        weight: 11
      user:
        weight: 12
        enabled: false
field_type: entity_reference_revisions
